// !$*UTF8*$!
{
	archiveVersion = 1;
	classes = {
	};
	objectVersion = 50;
	objects = {

/* Begin PBXBuildFile section */
		5C08B7A122A6C4220001A750 /* AppDelegate.swift in Sources */ = {isa = PBXBuildFile; fileRef = 5C08B7A022A6C4220001A750 /* AppDelegate.swift */; };
		5C08B7A322A6C4220001A750 /* ViewController.swift in Sources */ = {isa = PBXBuildFile; fileRef = 5C08B7A222A6C4220001A750 /* ViewController.swift */; };
		5C08B7A622A6C4220001A750 /* Main.storyboard in Resources */ = {isa = PBXBuildFile; fileRef = 5C08B7A422A6C4220001A750 /* Main.storyboard */; };
		5C08B7A822A6C4240001A750 /* Assets.xcassets in Resources */ = {isa = PBXBuildFile; fileRef = 5C08B7A722A6C4240001A750 /* Assets.xcassets */; };
		5C08B7AB22A6C4240001A750 /* LaunchScreen.storyboard in Resources */ = {isa = PBXBuildFile; fileRef = 5C08B7A922A6C4240001A750 /* LaunchScreen.storyboard */; };
		5C08B7B522A6C59C0001A750 /* APIController.swift in Sources */ = {isa = PBXBuildFile; fileRef = 5C08B7B422A6C59C0001A750 /* APIController.swift */; };
		5C08B7B722A6C5BD0001A750 /* SocketController.swift in Sources */ = {isa = PBXBuildFile; fileRef = 5C08B7B622A6C5BD0001A750 /* SocketController.swift */; };
		7889D51903E04B71CBB016AC /* Pods_mc6_2019_hackathon.framework in Frameworks */ = {isa = PBXBuildFile; fileRef = 9B1F5CFB79AD2579EACE9B08 /* Pods_mc6_2019_hackathon.framework */; };
/* End PBXBuildFile section */

/* Begin PBXFileReference section */
		21966274BE2B47E126C7F075 /* Pods-mc6_2019_hackathon.release.xcconfig */ = {isa = PBXFileReference; includeInIndex = 1; lastKnownFileType = text.xcconfig; name = "Pods-mc6_2019_hackathon.release.xcconfig"; path = "Pods/Target Support Files/Pods-mc6_2019_hackathon/Pods-mc6_2019_hackathon.release.xcconfig"; sourceTree = "<group>"; };
		5C08B79D22A6C4220001A750 /* mc6_2019_hackathon.app */ = {isa = PBXFileReference; explicitFileType = wrapper.application; includeInIndex = 0; path = mc6_2019_hackathon.app; sourceTree = BUILT_PRODUCTS_DIR; };
		5C08B7A022A6C4220001A750 /* AppDelegate.swift */ = {isa = PBXFileReference; lastKnownFileType = sourcecode.swift; path = AppDelegate.swift; sourceTree = "<group>"; };
		5C08B7A222A6C4220001A750 /* ViewController.swift */ = {isa = PBXFileReference; lastKnownFileType = sourcecode.swift; path = ViewController.swift; sourceTree = "<group>"; };
		5C08B7A522A6C4220001A750 /* Base */ = {isa = PBXFileReference; lastKnownFileType = file.storyboard; name = Base; path = Base.lproj/Main.storyboard; sourceTree = "<group>"; };
		5C08B7A722A6C4240001A750 /* Assets.xcassets */ = {isa = PBXFileReference; lastKnownFileType = folder.assetcatalog; path = Assets.xcassets; sourceTree = "<group>"; };
		5C08B7AA22A6C4240001A750 /* Base */ = {isa = PBXFileReference; lastKnownFileType = file.storyboard; name = Base; path = Base.lproj/LaunchScreen.storyboard; sourceTree = "<group>"; };
		5C08B7AC22A6C4240001A750 /* Info.plist */ = {isa = PBXFileReference; lastKnownFileType = text.plist.xml; path = Info.plist; sourceTree = "<group>"; };
		5C08B7B422A6C59C0001A750 /* APIController.swift */ = {isa = PBXFileReference; lastKnownFileType = sourcecode.swift; path = APIController.swift; sourceTree = "<group>"; };
		5C08B7B622A6C5BD0001A750 /* SocketController.swift */ = {isa = PBXFileReference; lastKnownFileType = sourcecode.swift; path = SocketController.swift; sourceTree = "<group>"; };
		5CCC722422A6D0B100FB6B68 /* mc6_2019_hackathon.entitlements */ = {isa = PBXFileReference; lastKnownFileType = text.plist.entitlements; path = mc6_2019_hackathon.entitlements; sourceTree = "<group>"; };
		9B1F5CFB79AD2579EACE9B08 /* Pods_mc6_2019_hackathon.framework */ = {isa = PBXFileReference; explicitFileType = wrapper.framework; includeInIndex = 0; path = Pods_mc6_2019_hackathon.framework; sourceTree = BUILT_PRODUCTS_DIR; };
		C66520DBFD487AC23FC298E2 /* Pods-mc6_2019_hackathon.debug.xcconfig */ = {isa = PBXFileReference; includeInIndex = 1; lastKnownFileType = text.xcconfig; name = "Pods-mc6_2019_hackathon.debug.xcconfig"; path = "Pods/Target Support Files/Pods-mc6_2019_hackathon/Pods-mc6_2019_hackathon.debug.xcconfig"; sourceTree = "<group>"; };
/* End PBXFileReference section */

/* Begin PBXFrameworksBuildPhase section */
		5C08B79A22A6C4220001A750 /* Frameworks */ = {
			isa = PBXFrameworksBuildPhase;
			buildActionMask = 2147483647;
			files = (
				7889D51903E04B71CBB016AC /* Pods_mc6_2019_hackathon.framework in Frameworks */,
			);
			runOnlyForDeploymentPostprocessing = 0;
		};
/* End PBXFrameworksBuildPhase section */

/* Begin PBXGroup section */
		176D1C6B84164DC3EA50690C /* Frameworks */ = {
			isa = PBXGroup;
			children = (
				9B1F5CFB79AD2579EACE9B08 /* Pods_mc6_2019_hackathon.framework */,
			);
			name = Frameworks;
			sourceTree = "<group>";
		};
		5C08B79422A6C4220001A750 = {
			isa = PBXGroup;
			children = (
				5C08B79F22A6C4220001A750 /* mc6_2019_hackathon */,
				5C08B79E22A6C4220001A750 /* Products */,
				C8928C765B7B50CBAC6EE606 /* Pods */,
				176D1C6B84164DC3EA50690C /* Frameworks */,
			);
			sourceTree = "<group>";
		};
		5C08B79E22A6C4220001A750 /* Products */ = {
			isa = PBXGroup;
			children = (
				5C08B79D22A6C4220001A750 /* mc6_2019_hackathon.app */,
			);
			name = Products;
			sourceTree = "<group>";
		};
		5C08B79F22A6C4220001A750 /* mc6_2019_hackathon */ = {
			isa = PBXGroup;
			children = (
				5CCC722422A6D0B100FB6B68 /* mc6_2019_hackathon.entitlements */,
				5C08B7A022A6C4220001A750 /* AppDelegate.swift */,
				5C08B7A222A6C4220001A750 /* ViewController.swift */,
				5C08B7A422A6C4220001A750 /* Main.storyboard */,
				5C08B7A722A6C4240001A750 /* Assets.xcassets */,
				5C08B7A922A6C4240001A750 /* LaunchScreen.storyboard */,
				5C08B7AC22A6C4240001A750 /* Info.plist */,
				5C08B7B422A6C59C0001A750 /* APIController.swift */,
				5C08B7B622A6C5BD0001A750 /* SocketController.swift */,
			);
			path = mc6_2019_hackathon;
			sourceTree = "<group>";
		};
		C8928C765B7B50CBAC6EE606 /* Pods */ = {
			isa = PBXGroup;
			children = (
				C66520DBFD487AC23FC298E2 /* Pods-mc6_2019_hackathon.debug.xcconfig */,
				21966274BE2B47E126C7F075 /* Pods-mc6_2019_hackathon.release.xcconfig */,
			);
			name = Pods;
			sourceTree = "<group>";
		};
/* End PBXGroup section */

/* Begin PBXNativeTarget section */
		5C08B79C22A6C4220001A750 /* mc6_2019_hackathon */ = {
			isa = PBXNativeTarget;
			buildConfigurationList = 5C08B7AF22A6C4240001A750 /* Build configuration list for PBXNativeTarget "mc6_2019_hackathon" */;
			buildPhases = (
				2671A60C7B9D33D1EA737E31 /* [CP] Check Pods Manifest.lock */,
				5C08B79922A6C4220001A750 /* Sources */,
				5C08B79A22A6C4220001A750 /* Frameworks */,
				5C08B79B22A6C4220001A750 /* Resources */,
				F380D5504236C5054263C461 /* [CP] Embed Pods Frameworks */,
			);
			buildRules = (
			);
			dependencies = (
			);
			name = mc6_2019_hackathon;
			productName = mc6_2019_hackathon;
			productReference = 5C08B79D22A6C4220001A750 /* mc6_2019_hackathon.app */;
			productType = "com.apple.product-type.application";
		};
/* End PBXNativeTarget section */

/* Begin PBXProject section */
		5C08B79522A6C4220001A750 /* Project object */ = {
			isa = PBXProject;
			attributes = {
				LastSwiftUpdateCheck = 1020;
				LastUpgradeCheck = 1020;
				ORGANIZATIONNAME = "Florian Kriegel";
				TargetAttributes = {
					5C08B79C22A6C4220001A750 = {
						CreatedOnToolsVersion = 10.2.1;
						SystemCapabilities = {
							com.apple.WAC = {
								enabled = 0;
							};
						};
					};
				};
			};
			buildConfigurationList = 5C08B79822A6C4220001A750 /* Build configuration list for PBXProject "mc6_2019_hackathon" */;
			compatibilityVersion = "Xcode 9.3";
			developmentRegion = en;
			hasScannedForEncodings = 0;
			knownRegions = (
				en,
				Base,
			);
			mainGroup = 5C08B79422A6C4220001A750;
			productRefGroup = 5C08B79E22A6C4220001A750 /* Products */;
			projectDirPath = "";
			projectRoot = "";
			targets = (
				5C08B79C22A6C4220001A750 /* mc6_2019_hackathon */,
			);
		};
/* End PBXProject section */

/* Begin PBXResourcesBuildPhase section */
		5C08B79B22A6C4220001A750 /* Resources */ = {
			isa = PBXResourcesBuildPhase;
			buildActionMask = 2147483647;
			files = (
				5C08B7AB22A6C4240001A750 /* LaunchScreen.storyboard in Resources */,
				5C08B7A822A6C4240001A750 /* Assets.xcassets in Resources */,
				5C08B7A622A6C4220001A750 /* Main.storyboard in Resources */,
			);
			runOnlyForDeploymentPostprocessing = 0;
		};
/* End PBXResourcesBuildPhase section */

/* Begin PBXShellScriptBuildPhase section */
		2671A60C7B9D33D1EA737E31 /* [CP] Check Pods Manifest.lock */ = {
			isa = PBXShellScriptBuildPhase;
			buildActionMask = 2147483647;
			files = (
			);
			inputPaths = (
				"${PODS_PODFILE_DIR_PATH}/Podfile.lock",
				"${PODS_ROOT}/Manifest.lock",
			);
			name = "[CP] Check Pods Manifest.lock";
			outputPaths = (
				"$(DERIVED_FILE_DIR)/Pods-mc6_2019_hackathon-checkManifestLockResult.txt",
			);
			runOnlyForDeploymentPostprocessing = 0;
			shellPath = /bin/sh;
			shellScript = "diff \"${PODS_PODFILE_DIR_PATH}/Podfile.lock\" \"${PODS_ROOT}/Manifest.lock\" > /dev/null\nif [ $? != 0 ] ; then\n    # print error to STDERR\n    echo \"error: The sandbox is not in sync with the Podfile.lock. Run 'pod install' or update your CocoaPods installation.\" >&2\n    exit 1\nfi\n# This output is used by Xcode 'outputs' to avoid re-running this script phase.\necho \"SUCCESS\" > \"${SCRIPT_OUTPUT_FILE_0}\"\n";
			showEnvVarsInLog = 0;
		};
		F380D5504236C5054263C461 /* [CP] Embed Pods Frameworks */ = {
			isa = PBXShellScriptBuildPhase;
			buildActionMask = 2147483647;
			files = (
			);
			inputPaths = (
				"${SRCROOT}/Pods/Target Support Files/Pods-mc6_2019_hackathon/Pods-mc6_2019_hackathon-frameworks.sh",
				"${BUILT_PRODUCTS_DIR}/SwiftSocket/SwiftSocket.framework",
			);
			name = "[CP] Embed Pods Frameworks";
			outputPaths = (
				"${TARGET_BUILD_DIR}/${FRAMEWORKS_FOLDER_PATH}/SwiftSocket.framework",
			);
			runOnlyForDeploymentPostprocessing = 0;
			shellPath = /bin/sh;
			shellScript = "\"${SRCROOT}/Pods/Target Support Files/Pods-mc6_2019_hackathon/Pods-mc6_2019_hackathon-frameworks.sh\"\n";
			showEnvVarsInLog = 0;
		};
/* End PBXShellScriptBuildPhase section */

/* Begin PBXSourcesBuildPhase section */
		5C08B79922A6C4220001A750 /* Sources */ = {
			isa = PBXSourcesBuildPhase;
			buildActionMask = 2147483647;
			files = (
				5C08B7A322A6C4220001A750 /* ViewController.swift in Sources */,
				5C08B7A122A6C4220001A750 /* AppDelegate.swift in Sources */,
				5C08B7B722A6C5BD0001A750 /* SocketController.swift in Sources */,
				5C08B7B522A6C59C0001A750 /* APIController.swift in Sources */,
			);
			runOnlyForDeploymentPostprocessing = 0;
		};
/* End PBXSourcesBuildPhase section */

/* Begin PBXVariantGroup section */
		5C08B7A422A6C4220001A750 /* Main.storyboard */ = {
			isa = PBXVariantGroup;
			children = (
				5C08B7A522A6C4220001A750 /* Base */,
			);
			name = Main.storyboard;
			sourceTree = "<group>";
		};
		5C08B7A922A6C4240001A750 /* LaunchScreen.storyboard */ = {
			isa = PBXVariantGroup;
			children = (
				5C08B7AA22A6C4240001A750 /* Base */,
			);
			name = LaunchScreen.storyboard;
			sourceTree = "<group>";
		};
/* End PBXVariantGroup section */

/* Begin XCBuildConfiguration section */
		5C08B7AD22A6C4240001A750 /* Debug */ = {
			isa = XCBuildConfiguration;
			buildSettings = {
				ALWAYS_SEARCH_USER_PATHS = NO;
				CLANG_ANALYZER_NONNULL = YES;
				CLANG_ANALYZER_NUMBER_OBJECT_CONVERSION = YES_AGGRESSIVE;
				CLANG_CXX_LANGUAGE_STANDARD = "gnu++14";
				CLANG_CXX_LIBRARY = "libc++";
				CLANG_ENABLE_MODULES = YES;
				CLANG_ENABLE_OBJC_ARC = YES;
				CLANG_ENABLE_OBJC_WEAK = YES;
				CLANG_WARN_BLOCK_CAPTURE_AUTORELEASING = YES;
				CLANG_WARN_BOOL_CONVERSION = YES;
				CLANG_WARN_COMMA = YES;
				CLANG_WARN_CONSTANT_CONVERSION = YES;
				CLANG_WARN_DEPRECATED_OBJC_IMPLEMENTATIONS = YES;
				CLANG_WARN_DIRECT_OBJC_ISA_USAGE = YES_ERROR;
				CLANG_WARN_DOCUMENTATION_COMMENTS = YES;
				CLANG_WARN_EMPTY_BODY = YES;
				CLANG_WARN_ENUM_CONVERSION = YES;
				CLANG_WARN_INFINITE_RECURSION = YES;
				CLANG_WARN_INT_CONVERSION = YES;
				CLANG_WARN_NON_LITERAL_NULL_CONVERSION = YES;
				CLANG_WARN_OBJC_IMPLICIT_RETAIN_SELF = YES;
				CLANG_WARN_OBJC_LITERAL_CONVERSION = YES;
				CLANG_WARN_OBJC_ROOT_CLASS = YES_ERROR;
				CLANG_WARN_RANGE_LOOP_ANALYSIS = YES;
				CLANG_WARN_STRICT_PROTOTYPES = YES;
				CLANG_WARN_SUSPICIOUS_MOVE = YES;
				CLANG_WARN_UNGUARDED_AVAILABILITY = YES_AGGRESSIVE;
				CLANG_WARN_UNREACHABLE_CODE = YES;
				CLANG_WARN__DUPLICATE_METHOD_MATCH = YES;
				CODE_SIGN_IDENTITY = "iPhone Developer";
				COPY_PHASE_STRIP = NO;
				DEBUG_INFORMATION_FORMAT = dwarf;
				ENABLE_STRICT_OBJC_MSGSEND = YES;
				ENABLE_TESTABILITY = YES;
				GCC_C_LANGUAGE_STANDARD = gnu11;
				GCC_DYNAMIC_NO_PIC = NO;
				GCC_NO_COMMON_BLOCKS = YES;
				GCC_OPTIMIZATION_LEVEL = 0;
				GCC_PREPROCESSOR_DEFINITIONS = (
					"DEBUG=1",
					"$(inherited)",
				);
				GCC_WARN_64_TO_32_BIT_CONVERSION = YES;
				GCC_WARN_ABOUT_RETURN_TYPE = YES_ERROR;
				GCC_WARN_UNDECLARED_SELECTOR = YES;
				GCC_WARN_UNINITIALIZED_AUTOS = YES_AGGRESSIVE;
				GCC_WARN_UNUSED_FUNCTION = YES;
				GCC_WARN_UNUSED_VARIABLE = YES;
				IPHONEOS_DEPLOYMENT_TARGET = 12.2;
				MTL_ENABLE_DEBUG_INFO = INCLUDE_SOURCE;
				MTL_FAST_MATH = YES;
				ONLY_ACTIVE_ARCH = YES;
				SDKROOT = iphoneos;
				SWIFT_ACTIVE_COMPILATION_CONDITIONS = DEBUG;
				SWIFT_OPTIMIZATION_LEVEL = "-Onone";
			};
			name = Debug;
		};
		5C08B7AE22A6C4240001A750 /* Release */ = {
			isa = XCBuildConfiguration;
			buildSettings = {
				ALWAYS_SEARCH_USER_PATHS = NO;
				CLANG_ANALYZER_NONNULL = YES;
				CLANG_ANALYZER_NUMBER_OBJECT_CONVERSION = YES_AGGRESSIVE;
				CLANG_CXX_LANGUAGE_STANDARD = "gnu++14";
				CLANG_CXX_LIBRARY = "libc++";
				CLANG_ENABLE_MODULES = YES;
				CLANG_ENABLE_OBJC_ARC = YES;
				CLANG_ENABLE_OBJC_WEAK = YES;
				CLANG_WARN_BLOCK_CAPTURE_AUTORELEASING = YES;
				CLANG_WARN_BOOL_CONVERSION = YES;
				CLANG_WARN_COMMA = YES;
				CLANG_WARN_CONSTANT_CONVERSION = YES;
				CLANG_WARN_DEPRECATED_OBJC_IMPLEMENTATIONS = YES;
				CLANG_WARN_DIRECT_OBJC_ISA_USAGE = YES_ERROR;
				CLANG_WARN_DOCUMENTATION_COMMENTS = YES;
				CLANG_WARN_EMPTY_BODY = YES;
				CLANG_WARN_ENUM_CONVERSION = YES;
				CLANG_WARN_INFINITE_RECURSION = YES;
				CLANG_WARN_INT_CONVERSION = YES;
				CLANG_WARN_NON_LITERAL_NULL_CONVERSION = YES;
				CLANG_WARN_OBJC_IMPLICIT_RETAIN_SELF = YES;
				CLANG_WARN_OBJC_LITERAL_CONVERSION = YES;
				CLANG_WARN_OBJC_ROOT_CLASS = YES_ERROR;
				CLANG_WARN_RANGE_LOOP_ANALYSIS = YES;
				CLANG_WARN_STRICT_PROTOTYPES = YES;
				CLANG_WARN_SUSPICIOUS_MOVE = YES;
				CLANG_WARN_UNGUARDED_AVAILABILITY = YES_AGGRESSIVE;
				CLANG_WARN_UNREACHABLE_CODE = YES;
				CLANG_WARN__DUPLICATE_METHOD_MATCH = YES;
				CODE_SIGN_IDENTITY = "iPhone Developer";
				COPY_PHASE_STRIP = NO;
				DEBUG_INFORMATION_FORMAT = "dwarf-with-dsym";
				ENABLE_NS_ASSERTIONS = NO;
				ENABLE_STRICT_OBJC_MSGSEND = YES;
				GCC_C_LANGUAGE_STANDARD = gnu11;
				GCC_NO_COMMON_BLOCKS = YES;
				GCC_WARN_64_TO_32_BIT_CONVERSION = YES;
				GCC_WARN_ABOUT_RETURN_TYPE = YES_ERROR;
				GCC_WARN_UNDECLARED_SELECTOR = YES;
				GCC_WARN_UNINITIALIZED_AUTOS = YES_AGGRESSIVE;
				GCC_WARN_UNUSED_FUNCTION = YES;
				GCC_WARN_UNUSED_VARIABLE = YES;
				IPHONEOS_DEPLOYMENT_TARGET = 12.2;
				MTL_ENABLE_DEBUG_INFO = NO;
				MTL_FAST_MATH = YES;
				SDKROOT = iphoneos;
				SWIFT_COMPILATION_MODE = wholemodule;
				SWIFT_OPTIMIZATION_LEVEL = "-O";
				VALIDATE_PRODUCT = YES;
			};
			name = Release;
		};
		5C08B7B022A6C4240001A750 /* Debug */ = {
			isa = XCBuildConfiguration;
			baseConfigurationReference = C66520DBFD487AC23FC298E2 /* Pods-mc6_2019_hackathon.debug.xcconfig */;
			buildSettings = {
				ASSETCATALOG_COMPILER_APPICON_NAME = AppIcon;
				CODE_SIGN_STYLE = Automatic;
				DEVELOPMENT_TEAM = MTH94VFFCX;
				INFOPLIST_FILE = mc6_2019_hackathon/Info.plist;
				LD_RUNPATH_SEARCH_PATHS = (
					"$(inherited)",
					"@executable_path/Frameworks",
				);
				PRODUCT_BUNDLE_IDENTIFIER = "de.solutap.mc6-2019-hackathon";
				PRODUCT_NAME = "$(TARGET_NAME)";
				SWIFT_VERSION = 5.0;
				TARGETED_DEVICE_FAMILY = "1,2";
			};
			name = Debug;
		};
		5C08B7B122A6C4240001A750 /* Release */ = {
			isa = XCBuildConfiguration;
			baseConfigurationReference = 21966274BE2B47E126C7F075 /* Pods-mc6_2019_hackathon.release.xcconfig */;
			buildSettings = {
				ASSETCATALOG_COMPILER_APPICON_NAME = AppIcon;
				CODE_SIGN_STYLE = Automatic;
				DEVELOPMENT_TEAM = MTH94VFFCX;
				INFOPLIST_FILE = mc6_2019_hackathon/Info.plist;
				LD_RUNPATH_SEARCH_PATHS = (
					"$(inherited)",
					"@executable_path/Frameworks",
				);
				PRODUCT_BUNDLE_IDENTIFIER = "de.solutap.mc6-2019-hackathon";
				PRODUCT_NAME = "$(TARGET_NAME)";
				SWIFT_VERSION = 5.0;
				TARGETED_DEVICE_FAMILY = "1,2";
			};
			name = Release;
		};
/* End XCBuildConfiguration section */

/* Begin XCConfigurationList section */
		5C08B79822A6C4220001A750 /* Build configuration list for PBXProject "mc6_2019_hackathon" */ = {
			isa = XCConfigurationList;
			buildConfigurations = (
				5C08B7AD22A6C4240001A750 /* Debug */,
				5C08B7AE22A6C4240001A750 /* Release */,
			);
			defaultConfigurationIsVisible = 0;
			defaultConfigurationName = Release;
		};
		5C08B7AF22A6C4240001A750 /* Build configuration list for PBXNativeTarget "mc6_2019_hackathon" */ = {
			isa = XCConfigurationList;
			buildConfigurations = (
				5C08B7B022A6C4240001A750 /* Debug */,
				5C08B7B122A6C4240001A750 /* Release */,
			);
			defaultConfigurationIsVisible = 0;
			defaultConfigurationName = Release;
		};
/* End XCConfigurationList section */
	};
	rootObject = 5C08B79522A6C4220001A750 /* Project object */;
}
